github.com/a-h/templ v0.2.233 h1:EnZqZmtV0YICqWG6MtLNmTcWuFkl2ImyQ63SIpWaM2Y=
github.com/a-h/templ v0.2.233/go.mod h1:h1DdzFMWVApvTcZBNmM6+mD6EPq6uYkncMNF7zdLj9I=
github.com/alexedwards/scs/v2 v2.5.1 h1:EhAz3Kb3OSQzD8T+Ub23fKsiuvE0GzbF5Lgn0uTwM3Y=
github.com/alexedwards/scs/v2 v2.5.1/go.mod h1:ToaROZxyKukJKT/xLcVQAChi5k6+Pn1Gvmdl7h3RRj8=
github.com/google/go-cmp v0.5.9 h1:O2Tfq5qg4qc4AmwVlvv0oLiVAGB7enBSJ2x2DqQFi38=
