github.com/BurntSushi/toml v0.3.1/go.mod h1:xHWCNGjB5oqiDr8zfno3MHue2Ht5sIBksp03qcyfWMU=
github.com/Masterminds/semver/v3 v3.1.1 h1:hLg3sBzpNErnxhQtUy/mmLR2I9foDujNK030IGemrRc=
github.com/Masterminds/semver/v3 v3.1.1/go.mod h1:VPu/7SZ7ePZ3QOrcuXROw5FAcLl4a0cBrbBpGY/8hQs=
github.com/aws/aws-cdk-go/awscdk/v2 v2.25.0 h1:lTVj41TEVZBfKQ7btNSvBkCYuLw7Y60XXYpNBlhtjkM=
github.com/aws/aws-cdk-go/awscdk/v2 v2.25.0/go.mod h1:7XCtayiRILOHD/BkEyvxuqdrAHBt6dMXhSNcLm0ihU8=
github.com/aws/aws-cdk-go/awscdkapigatewayv2alpha/v2 v2.25.0-alpha.0 h1:5hqUcKS5O1p8LkYLFg0Mv0lA+t3+wz49AdDSSokBv3c=
github.com/aws/aws-cdk-go/awscdkapigatewayv2alpha/v2 v2.25.0-alpha.0/go.mod h1:kaKSDRgZeseFVVr3Qr4m+0XZ2U1idkkMjVsZbfG2XVE=
github.com/aws/aws-cdk-go/awscdkapigatewayv2integrationsalpha/v2 v2.25.0-alpha.0 h1:KTvckM8FJ/aeSq7oGWlMlO99YaXlP4VVEOJGGHW+BjI=
github.com/aws/aws-cdk-go/awscdkapigatewayv2integrationsalpha/v2 v2.25.0-alpha.0/go.mod h1:0gUU7nJB0/Y6ukGLQfcFKDX/MODXK37WBVltZl610sY=
github.com/aws/aws-cdk-go/awscdklambdagoalpha/v2 v2.25.0-alpha.0 h1:XZ0FpvZ4uPZ911REuISvTesA+71wllTCodhJa0p+9ug=
github.com/aws/aws-cdk-go/awscdklambdagoalpha/v2 v2.25.0-alpha.0/go.mod h1:cKT1tzcwvqHmRiih7eDFC0Kz1RsPys+727RkNbJAgaU=
github.com/aws/aws-lambda-go v1.27.0 h1:aLzrJwdyHoF1A18YeVdJjX8Ixkd+bpogdxVInvHcWjM=
github.com/aws/aws-lambda-go v1.27.0/go.mod h1:jJmlefzPfGnckuHdXX7/80O3BvUUi12XOkbv4w9SGLU=
github.com/aws/constructs-go/constructs/v10 v10.0.9/go.mod h1:RC6w8bOwxLmPX7Jfo9dkEZ9iVfgH4QnaVnfWvaNOHy0=
github.com/aws/constructs-go/constructs/v10 v10.1.20 h1:NQnZbzsssleUh+s10mRlRMSLDX0ETfZjLUEu6QxeBUg=
github.com/aws/constructs-go/constructs/v10 v10.1.20/go.mod h1:XFwFvzuX38hhTlpNVlC1tpgjCpRAAVr7a6+O0/9VB9c=
github.com/aws/jsii-runtime-go v1.37.0/go.mod h1:6tZnlstx8bAB3vnLFF9n8bbkI//LDblAek9zFyMXV3E=
github.com/aws/jsii-runtime-go v1.58.0/go.mod h1:OPeobFzUctDjq8EXbRZbIphpzQg3lzMs8KH09xuHyk0=
github.com/aws/jsii-runtime-go v1.59.0 h1:QEnIpd17oKv/UMFD2bPxLbT3B3S+QlYTmnPHEdKJkic=
github.com/aws/jsii-runtime-go v1.59.0/go.mod h1:OPeobFzUctDjq8EXbRZbIphpzQg3lzMs8KH09xuHyk0=
github.com/cpuguy83/go-md2man/v2 v2.0.0-20190314233015-f79a8a8ca69d/go.mod h1:maD7wRr/U5Z6m/iR4s+kqSMx2CaBsrgA7czyZG/E6dU=
github.com/cpuguy83/go-md2man/v2 v2.0.0/go.mod h1:maD7wRr/U5Z6m/iR4s+kqSMx2CaBsrgA7czyZG/E6dU=
github.com/davecgh/go-spew v1.1.0/go.mod h1:J7Y8YcW2NihsgmVo/mv3lAwl/skON4iLHjSsI+c5H38=
github.com/davecgh/go-spew v1.1.1 h1:vj9j/u1bqnvCEfJOwUhtlOARqs3+rkHYY13jYWTU97c=
github.com/davecgh/go-spew v1.1.1/go.mod h1:J7Y8YcW2NihsgmVo/mv3lAwl/skON4iLHjSsI+c5H38=
github.com/google/go-cmp v0.6.0 h1:ofyhxvXcZhMsU5ulbFiLKl/XBFqE1GSq7atu8tAmTRI=
github.com/google/go-cmp v0.6.0/go.mod h1:17dUlkBOakJ0+DkrSSNjCkIjxS6bF9zb3elmeNGIjoY=
github.com/pmezard/go-difflib v1.0.0 h1:4DBwDE0NGyQoBHbLQYPwSUPoCMWR5BEzIk/f1lZbAQM=
github.com/pmezard/go-difflib v1.0.0/go.mod h1:iKH77koFhYxTK1pcRnkKkqfTogsbg7gZNVY4sRDYZ/4=
github.com/rs/cors v1.11.0 h1:0B9GE/r9Bc2UxRMMtymBkHTenPkHDv0CW4Y98GBY+po=
github.com/rs/cors v1.11.0/go.mod h1:XyqrcTp5zjWr1wsJ8PIRZssZ8b/WMcMf71DJnit4EMU=
github.com/russross/blackfriday/v2 v2.0.1/go.mod h1:+Rmxgy9KzJVeS9/2gXHxylqXiyQDYRxCVz55jmeOWTM=
github.com/shurcooL/sanitized_anchor_name v1.0.0/go.mod h1:1NzhyTcUVG4SuEtjjoZeVRXNmyL/1OwPU0+IJeTBvfc=
github.com/stretchr/objx v0.1.0/go.mod h1:HFkY916IF+rwdDfMAkV7OtwuqBVzrE8GR6GFx+wExME=
github.com/stretchr/objx v0.4.0/go.mod h1:YvHI0jy2hoMjB+UWwv71VJQ9isScKT/TqJzVSSt89Yw=
github.com/stretchr/objx v0.5.0/go.mod h1:Yh+to48EsGEfYuaHDzXPcE3xhTkx73EhmCGUpEOglKo=
github.com/stretchr/testify v1.6.1/go.mod h1:6Fq8oRcR53rry900zMqJjRRixrwX3KX962/h/Wwjteg=
github.com/stretchr/testify v1.7.0/go.mod h1:6Fq8oRcR53rry900zMqJjRRixrwX3KX962/h/Wwjteg=
github.com/stretchr/testify v1.7.1/go.mod h1:6Fq8oRcR53rry900zMqJjRRixrwX3KX962/h/Wwjteg=
github.com/stretchr/testify v1.8.0/go.mod h1:yNjHg4UonilssWZ8iaSj1OCr/vHnekPRkoO+kdMU+MU=
github.com/stretchr/testify v1.8.1 h1:w7B6lhMri9wdJUVmEZPGGhZzrYTPvgJArz7wNPgYKsk=
github.com/stretchr/testify v1.8.1/go.mod h1:w2LPCIKwWwSfY2zedu0+kehJoqGctiVI29o6fzry7u4=
github.com/stretchr/testify v1.10.0/go.mod h1:r2ic/lqez/lEtzL7wO/rwa5dbSLXVDPFyf8C91i36aY=
github.com/urfave/cli/v2 v2.2.0/go.mod h1:SE9GqnLQmjVa0iPEY0f1w3ygNIYcIJ0OKPMoW2caLfQ=
golang.org/x/mod v0.24.0 h1:ZfthKaKaT4NrhGVZHO1/WDTwGES4De8KtWO0SIbNJMU=
golang.org/x/mod v0.24.0/go.mod h1:IXM97Txy2VM4PJ3gI61r1YEk/gAj6zAHN3AdZt6S9Ww=
gopkg.in/check.v1 v0.0.0-20161208181325-20d25e280405/go.mod h1:Co6ibVJAznAaIkqp8huTwlJQCZ016jof/cbN4VW5Yz0=
gopkg.in/yaml.v2 v2.2.2/go.mod h1:hI93XBmqTisBFMUTm0b8Fm+jr3Dg1NNxqwp+5A1VGuI=
gopkg.in/yaml.v3 v3.0.0-20200313102051-9f266ea9e77c/go.mod h1:K4uyk7z7BCEPqu6E+C64Yfv1cQ7kz7rIZviUmN+EgEM=
gopkg.in/yaml.v3 v3.0.0-20200615113413-eeeca48fe776/go.mod h1:K4uyk7z7BCEPqu6E+C64Yfv1cQ7kz7rIZviUmN+EgEM=
gopkg.in/yaml.v3 v3.0.0-20210107192922-496545a6307b/go.mod h1:K4uyk7z7BCEPqu6E+C64Yfv1cQ7kz7rIZviUmN+EgEM=
gopkg.in/yaml.v3 v3.0.1 h1:fxVm/GzAzEWqLHuvctI91KS9hhNmmWOoWu0XTYJS7CA=
gopkg.in/yaml.v3 v3.0.1/go.mod h1:K4uyk7z7BCEPqu6E+C64Yfv1cQ7kz7rIZviUmN+EgEM=
